[
  {
    "name": "Producto 1",
    "img": "img1.jpg",
    "price": 100,
    "incart": false
  },
  {
    "name": "Producto 2",
    "img": "img2.jpg",
    "price": 200,
    "incart": false
  },
  {
    "name": "Producto 3",
    "img": "img3.jpg",
    "price": 300,
    "incart": false
  },
  {
    "name": "Producto 4",
    "img": "img4.jpg",
    "price": 400,
    "incart": false
  },
  {
    "name": "Producto 5",
    "img": "img5.jpg",
    "price": 500,
    "incart": false
  }
]